// !$*UTF8*$!
{
	archiveVersion = 1;
	classes = {
	};
	objectVersion = 46;
	objects = {

/* Begin PBXBuildFile section */
		B5DA74011A32A9F600E442D6 /* AppDelegate.swift in Sources */ = {isa = PBXBuildFile; fileRef = B5DA74001A32A9F600E442D6 /* AppDelegate.swift */; };
		B5DA74031A32A9F600E442D6 /* ViewController.swift in Sources */ = {isa = PBXBuildFile; fileRef = B5DA74021A32A9F600E442D6 /* ViewController.swift */; };
		B5DA74061A32A9F600E442D6 /* Main.storyboard in Resources */ = {isa = PBXBuildFile; fileRef = B5DA74041A32A9F600E442D6 /* Main.storyboard */; };
		B5DA74081A32A9F600E442D6 /* Images.xcassets in Resources */ = {isa = PBXBuildFile; fileRef = B5DA74071A32A9F600E442D6 /* Images.xcassets */; };
		B5DA740B1A32A9F600E442D6 /* LaunchScreen.xib in Resources */ = {isa = PBXBuildFile; fileRef = B5DA74091A32A9F600E442D6 /* LaunchScreen.xib */; };
		B5DA74171A32A9F600E442D6 /* StopwatchTests.swift in Sources */ = {isa = PBXBuildFile; fileRef = B5DA74161A32A9F600E442D6 /* StopwatchTests.swift */; };
/* End PBXBuildFile section */

/* Begin PBXContainerItemProxy section */
		B5DA74111A32A9F600E442D6 /* PBXContainerItemProxy */ = {
			isa = PBXContainerItemProxy;
			containerPortal = B5DA73F31A32A9F600E442D6 /* Project object */;
			proxyType = 1;
			remoteGlobalIDString = B5DA73FA1A32A9F600E442D6;
			remoteInfo = Stopwatch;
		};
/* End PBXContainerItemProxy section */

/* Begin PBXFileReference section */
		B5DA73FB1A32A9F600E442D6 /* Stopwatch.app */ = {isa = PBXFileReference; explicitFileType = wrapper.application; includeInIndex = 0; path = Stopwatch.app; sourceTree = BUILT_PRODUCTS_DIR; };
		B5DA73FF1A32A9F600E442D6 /* Info.plist */ = {isa = PBXFileReference; lastKnownFileType = text.plist.xml; path = Info.plist; sourceTree = "<group>"; };
		B5DA74001A32A9F600E442D6 /* AppDelegate.swift */ = {isa = PBXFileReference; lastKnownFileType = sourcecode.swift; path = AppDelegate.swift; sourceTree = "<group>"; };
		B5DA74021A32A9F600E442D6 /* ViewController.swift */ = {isa = PBXFileReference; lastKnownFileType = sourcecode.swift; path = ViewController.swift; sourceTree = "<group>"; };
		B5DA74051A32A9F600E442D6 /* Base */ = {isa = PBXFileReference; lastKnownFileType = file.storyboard; name = Base; path = Base.lproj/Main.storyboard; sourceTree = "<group>"; };
		B5DA74071A32A9F600E442D6 /* Images.xcassets */ = {isa = PBXFileReference; lastKnownFileType = folder.assetcatalog; path = Images.xcassets; sourceTree = "<group>"; };
		B5DA740A1A32A9F600E442D6 /* Base */ = {isa = PBXFileReference; lastKnownFileType = file.xib; name = Base; path = Base.lproj/LaunchScreen.xib; sourceTree = "<group>"; };
		B5DA74101A32A9F600E442D6 /* StopwatchTests.xctest */ = {isa = PBXFileReference; explicitFileType = wrapper.cfbundle; includeInIndex = 0; path = StopwatchTests.xctest; sourceTree = BUILT_PRODUCTS_DIR; };
		B5DA74151A32A9F600E442D6 /* Info.plist */ = {isa = PBXFileReference; lastKnownFileType = text.plist.xml; path = Info.plist; sourceTree = "<group>"; };
		B5DA74161A32A9F600E442D6 /* StopwatchTests.swift */ = {isa = PBXFileReference; lastKnownFileType = sourcecode.swift; path = StopwatchTests.swift; sourceTree = "<group>"; };
/* End PBXFileReference section */

/* Begin PBXFrameworksBuildPhase section */
		B5DA73F81A32A9F600E442D6 /* Frameworks */ = {
			isa = PBXFrameworksBuildPhase;
			buildActionMask = 2147483647;
			files = (
			);
			runOnlyForDeploymentPostprocessing = 0;
		};
		B5DA740D1A32A9F600E442D6 /* Frameworks */ = {
			isa = PBXFrameworksBuildPhase;
			buildActionMask = 2147483647;
			files = (
			);
			runOnlyForDeploymentPostprocessing = 0;
		};
/* End PBXFrameworksBuildPhase section */

/* Begin PBXGroup section */
		B5DA73F21A32A9F600E442D6 = {
			isa = PBXGroup;
			children = (
				B5DA73FD1A32A9F600E442D6 /* Stopwatch */,
				B5DA74131A32A9F600E442D6 /* StopwatchTests */,
				B5DA73FC1A32A9F600E442D6 /* Products */,
			);
			sourceTree = "<group>";
		};
		B5DA73FC1A32A9F600E442D6 /* Products */ = {
			isa = PBXGroup;
			children = (
				B5DA73FB1A32A9F600E442D6 /* Stopwatch.app */,
				B5DA74101A32A9F600E442D6 /* StopwatchTests.xctest */,
			);
			name = Products;
			sourceTree = "<group>";
		};
		B5DA73FD1A32A9F600E442D6 /* Stopwatch */ = {
			isa = PBXGroup;
			children = (
				B5DA74001A32A9F600E442D6 /* AppDelegate.swift */,
				B5DA74021A32A9F600E442D6 /* ViewController.swift */,
				B5DA74041A32A9F600E442D6 /* Main.storyboard */,
				B5DA74071A32A9F600E442D6 /* Images.xcassets */,
				B5DA74091A32A9F600E442D6 /* LaunchScreen.xib */,
				B5DA73FE1A32A9F600E442D6 /* Supporting Files */,
			);
			path = Stopwatch;
			sourceTree = "<group>";
		};
		B5DA73FE1A32A9F600E442D6 /* Supporting Files */ = {
			isa = PBXGroup;
			children = (
				B5DA73FF1A32A9F600E442D6 /* Info.plist */,
			);
			name = "Supporting Files";
			sourceTree = "<group>";
		};
		B5DA74131A32A9F600E442D6 /* StopwatchTests */ = {
			isa = PBXGroup;
			children = (
				B5DA74161A32A9F600E442D6 /* StopwatchTests.swift */,
				B5DA74141A32A9F600E442D6 /* Supporting Files */,
			);
			path = StopwatchTests;
			sourceTree = "<group>";
		};
		B5DA74141A32A9F600E442D6 /* Supporting Files */ = {
			isa = PBXGroup;
			children = (
				B5DA74151A32A9F600E442D6 /* Info.plist */,
			);
			name = "Supporting Files";
			sourceTree = "<group>";
		};
/* End PBXGroup section */

/* Begin PBXNativeTarget section */
		B5DA73FA1A32A9F600E442D6 /* Stopwatch */ = {
			isa = PBXNativeTarget;
			buildConfigurationList = B5DA741A1A32A9F600E442D6 /* Build configuration list for PBXNativeTarget "Stopwatch" */;
			buildPhases = (
				B5DA73F71A32A9F600E442D6 /* Sources */,
				B5DA73F81A32A9F600E442D6 /* Frameworks */,
				B5DA73F91A32A9F600E442D6 /* Resources */,
			);
			buildRules = (
			);
			dependencies = (
			);
			name = Stopwatch;
			productName = Stopwatch;
			productReference = B5DA73FB1A32A9F600E442D6 /* Stopwatch.app */;
			productType = "com.apple.product-type.application";
		};
		B5DA740F1A32A9F600E442D6 /* StopwatchTests */ = {
			isa = PBXNativeTarget;
			buildConfigurationList = B5DA741D1A32A9F600E442D6 /* Build configuration list for PBXNativeTarget "StopwatchTests" */;
			buildPhases = (
				B5DA740C1A32A9F600E442D6 /* Sources */,
				B5DA740D1A32A9F600E442D6 /* Frameworks */,
				B5DA740E1A32A9F600E442D6 /* Resources */,
			);
			buildRules = (
			);
			dependencies = (
				B5DA74121A32A9F600E442D6 /* PBXTargetDependency */,
			);
			name = StopwatchTests;
			productName = StopwatchTests;
			productReference = B5DA74101A32A9F600E442D6 /* StopwatchTests.xctest */;
			productType = "com.apple.product-type.bundle.unit-test";
		};
/* End PBXNativeTarget section */

/* Begin PBXProject section */
		B5DA73F31A32A9F600E442D6 /* Project object */ = {
			isa = PBXProject;
			attributes = {
				LastUpgradeCheck = 0610;
				ORGANIZATIONNAME = "Pencil Rocket";
				TargetAttributes = {
					B5DA73FA1A32A9F600E442D6 = {
						CreatedOnToolsVersion = 6.1.1;
					};
					B5DA740F1A32A9F600E442D6 = {
						CreatedOnToolsVersion = 6.1.1;
						TestTargetID = B5DA73FA1A32A9F600E442D6;
					};
				};
			};
			buildConfigurationList = B5DA73F61A32A9F600E442D6 /* Build configuration list for PBXProject "Stopwatch" */;
			compatibilityVersion = "Xcode 3.2";
			developmentRegion = English;
			hasScannedForEncodings = 0;
			knownRegions = (
				en,
				Base,
			);
			mainGroup = B5DA73F21A32A9F600E442D6;
			productRefGroup = B5DA73FC1A32A9F600E442D6 /* Products */;
			projectDirPath = "";
			projectRoot = "";
			targets = (
				B5DA73FA1A32A9F600E442D6 /* Stopwatch */,
				B5DA740F1A32A9F600E442D6 /* StopwatchTests */,
			);
		};
/* End PBXProject section */

/* Begin PBXResourcesBuildPhase section */
		B5DA73F91A32A9F600E442D6 /* Resources */ = {
			isa = PBXResourcesBuildPhase;
			buildActionMask = 2147483647;
			files = (
				B5DA74061A32A9F600E442D6 /* Main.storyboard in Resources */,
				B5DA740B1A32A9F600E442D6 /* LaunchScreen.xib in Resources */,
				B5DA74081A32A9F600E442D6 /* Images.xcassets in Resources */,
			);
			runOnlyForDeploymentPostprocessing = 0;
		};
		B5DA740E1A32A9F600E442D6 /* Resources */ = {
			isa = PBXResourcesBuildPhase;
			buildActionMask = 2147483647;
			files = (
			);
			runOnlyForDeploymentPostprocessing = 0;
		};
/* End PBXResourcesBuildPhase section */

/* Begin PBXSourcesBuildPhase section */
		B5DA73F71A32A9F600E442D6 /* Sources */ = {
			isa = PBXSourcesBuildPhase;
			buildActionMask = 2147483647;
			files = (
				B5DA74031A32A9F600E442D6 /* ViewController.swift in Sources */,
				B5DA74011A32A9F600E442D6 /* AppDelegate.swift in Sources */,
			);
			runOnlyForDeploymentPostprocessing = 0;
		};
		B5DA740C1A32A9F600E442D6 /* Sources */ = {
			isa = PBXSourcesBuildPhase;
			buildActionMask = 2147483647;
			files = (
				B5DA74171A32A9F600E442D6 /* StopwatchTests.swift in Sources */,
			);
			runOnlyForDeploymentPostprocessing = 0;
		};
/* End PBXSourcesBuildPhase section */

/* Begin PBXTargetDependency section */
		B5DA74121A32A9F600E442D6 /* PBXTargetDependency */ = {
			isa = PBXTargetDependency;
			target = B5DA73FA1A32A9F600E442D6 /* Stopwatch */;
			targetProxy = B5DA74111A32A9F600E442D6 /* PBXContainerItemProxy */;
		};
/* End PBXTargetDependency section */

/* Begin PBXVariantGroup section */
		B5DA74041A32A9F600E442D6 /* Main.storyboard */ = {
			isa = PBXVariantGroup;
			children = (
				B5DA74051A32A9F600E442D6 /* Base */,
			);
			name = Main.storyboard;
			sourceTree = "<group>";
		};
		B5DA74091A32A9F600E442D6 /* LaunchScreen.xib */ = {
			isa = PBXVariantGroup;
			children = (
				B5DA740A1A32A9F600E442D6 /* Base */,
			);
			name = LaunchScreen.xib;
			sourceTree = "<group>";
		};
/* End PBXVariantGroup section */

/* Begin XCBuildConfiguration section */
		B5DA74181A32A9F600E442D6 /* Debug */ = {
			isa = XCBuildConfiguration;
			buildSettings = {
				ALWAYS_SEARCH_USER_PATHS = NO;
				CLANG_CXX_LANGUAGE_STANDARD = "gnu++0x";
				CLANG_CXX_LIBRARY = "libc++";
				CLANG_ENABLE_MODULES = YES;
				CLANG_ENABLE_OBJC_ARC = YES;
				CLANG_WARN_BOOL_CONVERSION = YES;
				CLANG_WARN_CONSTANT_CONVERSION = YES;
				CLANG_WARN_DIRECT_OBJC_ISA_USAGE = YES_ERROR;
				CLANG_WARN_EMPTY_BODY = YES;
				CLANG_WARN_ENUM_CONVERSION = YES;
				CLANG_WARN_INT_CONVERSION = YES;
				CLANG_WARN_OBJC_ROOT_CLASS = YES_ERROR;
				CLANG_WARN_UNREACHABLE_CODE = YES;
				CLANG_WARN__DUPLICATE_METHOD_MATCH = YES;
				"CODE_SIGN_IDENTITY[sdk=iphoneos*]" = "";
				COPY_PHASE_STRIP = NO;
				ENABLE_STRICT_OBJC_MSGSEND = YES;
				GCC_C_LANGUAGE_STANDARD = gnu99;
				GCC_DYNAMIC_NO_PIC = NO;
				GCC_OPTIMIZATION_LEVEL = 0;
				GCC_PREPROCESSOR_DEFINITIONS = (
					"DEBUG=1",
					"$(inherited)",
				);
				GCC_SYMBOLS_PRIVATE_EXTERN = NO;
				GCC_WARN_64_TO_32_BIT_CONVERSION = YES;
				GCC_WARN_ABOUT_RETURN_TYPE = YES_ERROR;
				GCC_WARN_UNDECLARED_SELECTOR = YES;
				GCC_WARN_UNINITIALIZED_AUTOS = YES_AGGRESSIVE;
				GCC_WARN_UNUSED_FUNCTION = YES;
				GCC_WARN_UNUSED_VARIABLE = YES;
				IPHONEOS_DEPLOYMENT_TARGET = 8.1;
				MTL_ENABLE_DEBUG_INFO = YES;
				ONLY_ACTIVE_ARCH = YES;
				SDKROOT = iphoneos;
				SWIFT_OPTIMIZATION_LEVEL = "-Onone";
			};
			name = Debug;
		};
		B5DA74191A32A9F600E442D6 /* Release */ = {
			isa = XCBuildConfiguration;
			buildSettings = {
				ALWAYS_SEARCH_USER_PATHS = NO;
				CLANG_CXX_LANGUAGE_STANDARD = "gnu++0x";
				CLANG_CXX_LIBRARY = "libc++";
				CLANG_ENABLE_MODULES = YES;
				CLANG_ENABLE_OBJC_ARC = YES;
				CLANG_WARN_BOOL_CONVERSION = YES;
				CLANG_WARN_CONSTANT_CONVERSION = YES;
				CLANG_WARN_DIRECT_OBJC_ISA_USAGE = YES_ERROR;
				CLANG_WARN_EMPTY_BODY = YES;
				CLANG_WARN_ENUM_CONVERSION = YES;
				CLANG_WARN_INT_CONVERSION = YES;
				CLANG_WARN_OBJC_ROOT_CLASS = YES_ERROR;
				CLANG_WARN_UNREACHABLE_CODE = YES;
				CLANG_WARN__DUPLICATE_METHOD_MATCH = YES;
				"CODE_SIGN_IDENTITY[sdk=iphoneos*]" = "";
				COPY_PHASE_STRIP = YES;
				ENABLE_NS_ASSERTIONS = NO;
				ENABLE_STRICT_OBJC_MSGSEND = YES;
				GCC_C_LANGUAGE_STANDARD = gnu99;
				GCC_WARN_64_TO_32_BIT_CONVERSION = YES;
				GCC_WARN_ABOUT_RETURN_TYPE = YES_ERROR;
				GCC_WARN_UNDECLARED_SELECTOR = YES;
				GCC_WARN_UNINITIALIZED_AUTOS = YES_AGGRESSIVE;
				GCC_WARN_UNUSED_FUNCTION = YES;
				GCC_WARN_UNUSED_VARIABLE = YES;
				IPHONEOS_DEPLOYMENT_TARGET = 8.1;
				MTL_ENABLE_DEBUG_INFO = NO;
				SDKROOT = iphoneos;
				VALIDATE_PRODUCT = YES;
			};
			name = Release;
		};
		B5DA741B1A32A9F600E442D6 /* Debug */ = {
			isa = XCBuildConfiguration;
			buildSettings = {
				ASSETCATALOG_COMPILER_APPICON_NAME = AppIcon;
				INFOPLIST_FILE = Stopwatch/Info.plist;
				LD_RUNPATH_SEARCH_PATHS = "$(inherited) @executable_path/Frameworks";
				PRODUCT_NAME = "$(TARGET_NAME)";
			};
			name = Debug;
		};
		B5DA741C1A32A9F600E442D6 /* Release */ = {
			isa = XCBuildConfiguration;
			buildSettings = {
				ASSETCATALOG_COMPILER_APPICON_NAME = AppIcon;
				INFOPLIST_FILE = Stopwatch/Info.plist;
				LD_RUNPATH_SEARCH_PATHS = "$(inherited) @executable_path/Frameworks";
				PRODUCT_NAME = "$(TARGET_NAME)";
			};
			name = Release;
		};
		B5DA741E1A32A9F600E442D6 /* Debug */ = {
			isa = XCBuildConfiguration;
			buildSettings = {
				BUNDLE_LOADER = "$(TEST_HOST)";
				FRAMEWORK_SEARCH_PATHS = (
					"$(SDKROOT)/Developer/Library/Frameworks",
					"$(inherited)",
				);
				GCC_PREPROCESSOR_DEFINITIONS = (
					"DEBUG=1",
					"$(inherited)",
				);
				INFOPLIST_FILE = StopwatchTests/Info.plist;
				LD_RUNPATH_SEARCH_PATHS = "$(inherited) @executable_path/Frameworks @loader_path/Frameworks";
				PRODUCT_NAME = "$(TARGET_NAME)";
				TEST_HOST = "$(BUILT_PRODUCTS_DIR)/Stopwatch.app/Stopwatch";
			};
			name = Debug;
		};
		B5DA741F1A32A9F600E442D6 /* Release */ = {
			isa = XCBuildConfiguration;
			buildSettings = {
				BUNDLE_LOADER = "$(TEST_HOST)";
				FRAMEWORK_SEARCH_PATHS = (
					"$(SDKROOT)/Developer/Library/Frameworks",
					"$(inherited)",
				);
				INFOPLIST_FILE = StopwatchTests/Info.plist;
				LD_RUNPATH_SEARCH_PATHS = "$(inherited) @executable_path/Frameworks @loader_path/Frameworks";
				PRODUCT_NAME = "$(TARGET_NAME)";
				TEST_HOST = "$(BUILT_PRODUCTS_DIR)/Stopwatch.app/Stopwatch";
			};
			name = Release;
		};
/* End XCBuildConfiguration section */

/* Begin XCConfigurationList section */
		B5DA73F61A32A9F600E442D6 /* Build configuration list for PBXProject "Stopwatch" */ = {
			isa = XCConfigurationList;
			buildConfigurations = (
				B5DA74181A32A9F600E442D6 /* Debug */,
				B5DA74191A32A9F600E442D6 /* Release */,
			);
			defaultConfigurationIsVisible = 0;
			defaultConfigurationName = Release;
		};
		B5DA741A1A32A9F600E442D6 /* Build configuration list for PBXNativeTarget "Stopwatch" */ = {
			isa = XCConfigurationList;
			buildConfigurations = (
				B5DA741B1A32A9F600E442D6 /* Debug */,
				B5DA741C1A32A9F600E442D6 /* Release */,
			);
			defaultConfigurationIsVisible = 0;
		};
		B5DA741D1A32A9F600E442D6 /* Build configuration list for PBXNativeTarget "StopwatchTests" */ = {
			isa = XCConfigurationList;
			buildConfigurations = (
				B5DA741E1A32A9F600E442D6 /* Debug */,
				B5DA741F1A32A9F600E442D6 /* Release */,
			);
			defaultConfigurationIsVisible = 0;
		};
/* End XCConfigurationList section */
	};
	rootObject = B5DA73F31A32A9F600E442D6 /* Project object */;
}
